
Microsoft Visual Studio Solution File, Format Version 12.00
# Visual Studio Version 16
VisualStudioVersion = 16.0.32002.261
MinimumVisualStudioVersion = 10.0.40219.1
Project("{FAE04EC0-301F-11D3-BF4B-00C04F79EFBC}") = "Aadarsha Suppliers", "Aadarsha Suppliers\Aadarsha Suppliers.csproj", "{A7AD5B61-6E4A-4267-B9E4-E2417B36A6AB}"
EndProject
Global
	GlobalSection(SolutionConfigurationPlatforms) = preSolution
		Debug|Any CPU = Debug|Any CPU
		Release|Any CPU = Release|Any CPU
	EndGlobalSection
	GlobalSection(ProjectConfigurationPlatforms) = postSolution
		{A7AD5B61-6E4A-4267-B9E4-E2417B36A6AB}.Debug|Any CPU.ActiveCfg = Debug|Any CPU
		{A7AD5B61-6E4A-4267-B9E4-E2417B36A6AB}.Debug|Any CPU.Build.0 = Debug|Any CPU
		{A7AD5B61-6E4A-4267-B9E4-E2417B36A6AB}.Release|Any CPU.ActiveCfg = Release|Any CPU
		{A7AD5B61-6E4A-4267-B9E4-E2417B36A6AB}.Release|Any CPU.Build.0 = Release|Any CPU
	EndGlobalSection
	GlobalSection(SolutionProperties) = preSolution
		HideSolutionNode = FALSE
	EndGlobalSection
	GlobalSection(ExtensibilityGlobals) = postSolution
		SolutionGuid = {8809C67C-9DE6-43B0-A00E-4061F3BC5BBA}
	EndGlobalSection
EndGlobal
